# THIS IS AN AUTOGENERATED FILE. DO NOT EDIT THIS FILE DIRECTLY.
# yarn lockfile v1


"@js-joda/core@3.2.0":
  version "3.2.0"
  resolved "https://registry.yarnpkg.com/@js-joda/core/-/core-3.2.0.tgz#3e61e21b7b2b8a6be746df1335cf91d70db2a273"
  integrity sha512-PMqgJ0sw5B7FKb2d5bWYIoxjri+QlW/Pys7+Rw82jSH0QN3rB05jZ/VrrsUdh1w4+i2kw9JOejXGq/KhDOX7Kg==

"@js-joda/timezone@2.21.1":
  version "2.21.1"
  resolved "https://registry.yarnpkg.com/@js-joda/timezone/-/timezone-2.21.1.tgz#c552dbbf5b58a4e861dfb7b43caa2cc3bae852b0"
  integrity sha512-QOWH24q+6Z0bvYjuiQ5rNlJMWTbogsQkgL1EV35n0jy9msh2I9bgxwryGAFE/N6w8FWQJR+8p4/mIT7+nAb43g==
